
Microsoft Visual Studio Solution File, Format Version 12.00
# Visual Studio Version 16
VisualStudioVersion = 16.0.28917.181
MinimumVisualStudioVersion = 10.0.40219.1
Project("{FAE04EC0-301F-11D3-BF4B-00C04F79EFBC}") = "Payment API", "Payment API\Payment API.csproj", "{547B3D8E-F64B-4153-856F-F1F1689398DC}"
EndProject
Global
	GlobalSection(SolutionConfigurationPlatforms) = preSolution
		Debug|Any CPU = Debug|Any CPU
		Release|Any CPU = Release|Any CPU
	EndGlobalSection
	GlobalSection(ProjectConfigurationPlatforms) = postSolution
		{547B3D8E-F64B-4153-856F-F1F1689398DC}.Debug|Any CPU.ActiveCfg = Debug|Any CPU
		{547B3D8E-F64B-4153-856F-F1F1689398DC}.Debug|Any CPU.Build.0 = Debug|Any CPU
		{547B3D8E-F64B-4153-856F-F1F1689398DC}.Release|Any CPU.ActiveCfg = Release|Any CPU
		{547B3D8E-F64B-4153-856F-F1F1689398DC}.Release|Any CPU.Build.0 = Release|Any CPU
	EndGlobalSection
	GlobalSection(SolutionProperties) = preSolution
		HideSolutionNode = FALSE
	EndGlobalSection
	GlobalSection(ExtensibilityGlobals) = postSolution
		SolutionGuid = {90059BB3-896F-48E9-BC57-9A5B6BF39738}
	EndGlobalSection
EndGlobal
